
Microsoft Visual Studio Solution File, Format Version 11.00
# Visual Studio 2010
Project("{F184B08F-C81C-45F6-A57F-5ABD9991F28F}") = "projectPLA", "projectPLA\projectPLA.vbproj", "{CEB25253-7C46-42E7-9051-8D352D3B9A90}"
EndProject
Global
	GlobalSection(SolutionConfigurationPlatforms) = preSolution
		Debug|x64 = Debug|x64
		Debug|x86 = Debug|x86
		Release|x64 = Release|x64
		Release|x86 = Release|x86
	EndGlobalSection
	GlobalSection(ProjectConfigurationPlatforms) = postSolution
		{CEB25253-7C46-42E7-9051-8D352D3B9A90}.Debug|x64.ActiveCfg = Debug|x64
		{CEB25253-7C46-42E7-9051-8D352D3B9A90}.Debug|x64.Build.0 = Debug|x64
		{CEB25253-7C46-42E7-9051-8D352D3B9A90}.Debug|x86.ActiveCfg = Debug|x86
		{CEB25253-7C46-42E7-9051-8D352D3B9A90}.Debug|x86.Build.0 = Debug|x86
		{CEB25253-7C46-42E7-9051-8D352D3B9A90}.Release|x64.ActiveCfg = Release|x64
		{CEB25253-7C46-42E7-9051-8D352D3B9A90}.Release|x64.Build.0 = Release|x64
		{CEB25253-7C46-42E7-9051-8D352D3B9A90}.Release|x86.ActiveCfg = Release|x86
		{CEB25253-7C46-42E7-9051-8D352D3B9A90}.Release|x86.Build.0 = Release|x86
	EndGlobalSection
	GlobalSection(SolutionProperties) = preSolution
		HideSolutionNode = FALSE
	EndGlobalSection
EndGlobal
